
Microsoft Visual Studio Solution File, Format Version 12.00
# Visual Studio Version 17
VisualStudioVersion = 17.5.33424.131
MinimumVisualStudioVersion = 10.0.40219.1
Project("{888888A0-9F3D-457C-B088-3A5042F75D52}") = "Python 12.04.2023", "Python 12.04.2023.pyproj", "{3FADCE28-14B4-4327-A9F5-A7E47869A998}"
EndProject
Global
	GlobalSection(SolutionConfigurationPlatforms) = preSolution
		Debug|Any CPU = Debug|Any CPU
		Release|Any CPU = Release|Any CPU
	EndGlobalSection
	GlobalSection(ProjectConfigurationPlatforms) = postSolution
		{3FADCE28-14B4-4327-A9F5-A7E47869A998}.Debug|Any CPU.ActiveCfg = Debug|Any CPU
		{3FADCE28-14B4-4327-A9F5-A7E47869A998}.Release|Any CPU.ActiveCfg = Release|Any CPU
	EndGlobalSection
	GlobalSection(SolutionProperties) = preSolution
		HideSolutionNode = FALSE
	EndGlobalSection
	GlobalSection(ExtensibilityGlobals) = postSolution
		SolutionGuid = {B2032C46-A5DA-4E31-A192-6AE4CCBA3E98}
	EndGlobalSection
EndGlobal
